// !$*UTF8*$!
{
	archiveVersion = 1;
	classes = {
	};
	objectVersion = 50;
	objects = {

/* Begin PBXBuildFile section */
		165B32C425A5766200450A9C /* AppDelegate.swift in Sources */ = {isa = PBXBuildFile; fileRef = 165B32C325A5766200450A9C /* AppDelegate.swift */; };
		165B32C625A5766200450A9C /* SceneDelegate.swift in Sources */ = {isa = PBXBuildFile; fileRef = 165B32C525A5766200450A9C /* SceneDelegate.swift */; };
		165B32C825A5766200450A9C /* ViewController.swift in Sources */ = {isa = PBXBuildFile; fileRef = 165B32C725A5766200450A9C /* ViewController.swift */; };
		165B32CB25A5766200450A9C /* Main.storyboard in Resources */ = {isa = PBXBuildFile; fileRef = 165B32C925A5766200450A9C /* Main.storyboard */; };
		165B32CD25A5766300450A9C /* Assets.xcassets in Resources */ = {isa = PBXBuildFile; fileRef = 165B32CC25A5766300450A9C /* Assets.xcassets */; };
		165B32D025A5766300450A9C /* LaunchScreen.storyboard in Resources */ = {isa = PBXBuildFile; fileRef = 165B32CE25A5766300450A9C /* LaunchScreen.storyboard */; };
		165B32DB25A5766300450A9C /* JakeFakeTests.swift in Sources */ = {isa = PBXBuildFile; fileRef = 165B32DA25A5766300450A9C /* JakeFakeTests.swift */; };
		165B32E625A5766300450A9C /* JakeFakeUITests.swift in Sources */ = {isa = PBXBuildFile; fileRef = 165B32E525A5766300450A9C /* JakeFakeUITests.swift */; };
		165B32F725A576A600450A9C /* JakeFake.swift in Sources */ = {isa = PBXBuildFile; fileRef = 165B32F625A576A600450A9C /* JakeFake.swift */; };
/* End PBXBuildFile section */

/* Begin PBXContainerItemProxy section */
		165B32D725A5766300450A9C /* PBXContainerItemProxy */ = {
			isa = PBXContainerItemProxy;
			containerPortal = 165B32B825A5766200450A9C /* Project object */;
			proxyType = 1;
			remoteGlobalIDString = 165B32BF25A5766200450A9C;
			remoteInfo = JakeFake;
		};
		165B32E225A5766300450A9C /* PBXContainerItemProxy */ = {
			isa = PBXContainerItemProxy;
			containerPortal = 165B32B825A5766200450A9C /* Project object */;
			proxyType = 1;
			remoteGlobalIDString = 165B32BF25A5766200450A9C;
			remoteInfo = JakeFake;
		};
/* End PBXContainerItemProxy section */

/* Begin PBXFileReference section */
		165B32C025A5766200450A9C /* JakeFake.app */ = {isa = PBXFileReference; explicitFileType = wrapper.application; includeInIndex = 0; path = JakeFake.app; sourceTree = BUILT_PRODUCTS_DIR; };
		165B32C325A5766200450A9C /* AppDelegate.swift */ = {isa = PBXFileReference; lastKnownFileType = sourcecode.swift; path = AppDelegate.swift; sourceTree = "<group>"; };
		165B32C525A5766200450A9C /* SceneDelegate.swift */ = {isa = PBXFileReference; lastKnownFileType = sourcecode.swift; path = SceneDelegate.swift; sourceTree = "<group>"; };
		165B32C725A5766200450A9C /* ViewController.swift */ = {isa = PBXFileReference; lastKnownFileType = sourcecode.swift; path = ViewController.swift; sourceTree = "<group>"; };
		165B32CA25A5766200450A9C /* Base */ = {isa = PBXFileReference; lastKnownFileType = file.storyboard; name = Base; path = Base.lproj/Main.storyboard; sourceTree = "<group>"; };
		165B32CC25A5766300450A9C /* Assets.xcassets */ = {isa = PBXFileReference; lastKnownFileType = folder.assetcatalog; path = Assets.xcassets; sourceTree = "<group>"; };
		165B32CF25A5766300450A9C /* Base */ = {isa = PBXFileReference; lastKnownFileType = file.storyboard; name = Base; path = Base.lproj/LaunchScreen.storyboard; sourceTree = "<group>"; };
		165B32D125A5766300450A9C /* Info.plist */ = {isa = PBXFileReference; lastKnownFileType = text.plist.xml; path = Info.plist; sourceTree = "<group>"; };
		165B32D625A5766300450A9C /* JakeFakeTests.xctest */ = {isa = PBXFileReference; explicitFileType = wrapper.cfbundle; includeInIndex = 0; path = JakeFakeTests.xctest; sourceTree = BUILT_PRODUCTS_DIR; };
		165B32DA25A5766300450A9C /* JakeFakeTests.swift */ = {isa = PBXFileReference; lastKnownFileType = sourcecode.swift; path = JakeFakeTests.swift; sourceTree = "<group>"; };
		165B32DC25A5766300450A9C /* Info.plist */ = {isa = PBXFileReference; lastKnownFileType = text.plist.xml; path = Info.plist; sourceTree = "<group>"; };
		165B32E125A5766300450A9C /* JakeFakeUITests.xctest */ = {isa = PBXFileReference; explicitFileType = wrapper.cfbundle; includeInIndex = 0; path = JakeFakeUITests.xctest; sourceTree = BUILT_PRODUCTS_DIR; };
		165B32E525A5766300450A9C /* JakeFakeUITests.swift */ = {isa = PBXFileReference; lastKnownFileType = sourcecode.swift; path = JakeFakeUITests.swift; sourceTree = "<group>"; };
		165B32E725A5766300450A9C /* Info.plist */ = {isa = PBXFileReference; lastKnownFileType = text.plist.xml; path = Info.plist; sourceTree = "<group>"; };
		165B32F625A576A600450A9C /* JakeFake.swift */ = {isa = PBXFileReference; fileEncoding = 4; lastKnownFileType = sourcecode.swift; path = JakeFake.swift; sourceTree = "<group>"; };
/* End PBXFileReference section */

/* Begin PBXFrameworksBuildPhase section */
		165B32BD25A5766200450A9C /* Frameworks */ = {
			isa = PBXFrameworksBuildPhase;
			buildActionMask = 2147483647;
			files = (
			);
			runOnlyForDeploymentPostprocessing = 0;
		};
		165B32D325A5766300450A9C /* Frameworks */ = {
			isa = PBXFrameworksBuildPhase;
			buildActionMask = 2147483647;
			files = (
			);
			runOnlyForDeploymentPostprocessing = 0;
		};
		165B32DE25A5766300450A9C /* Frameworks */ = {
			isa = PBXFrameworksBuildPhase;
			buildActionMask = 2147483647;
			files = (
			);
			runOnlyForDeploymentPostprocessing = 0;
		};
/* End PBXFrameworksBuildPhase section */

/* Begin PBXGroup section */
		165B32B725A5766200450A9C = {
			isa = PBXGroup;
			children = (
				165B32C225A5766200450A9C /* JakeFake */,
				165B32D925A5766300450A9C /* JakeFakeTests */,
				165B32E425A5766300450A9C /* JakeFakeUITests */,
				165B32C125A5766200450A9C /* Products */,
			);
			sourceTree = "<group>";
		};
		165B32C125A5766200450A9C /* Products */ = {
			isa = PBXGroup;
			children = (
				165B32C025A5766200450A9C /* JakeFake.app */,
				165B32D625A5766300450A9C /* JakeFakeTests.xctest */,
				165B32E125A5766300450A9C /* JakeFakeUITests.xctest */,
			);
			name = Products;
			sourceTree = "<group>";
		};
		165B32C225A5766200450A9C /* JakeFake */ = {
			isa = PBXGroup;
			children = (
				165B32F625A576A600450A9C /* JakeFake.swift */,
				165B32C325A5766200450A9C /* AppDelegate.swift */,
				165B32C525A5766200450A9C /* SceneDelegate.swift */,
				165B32C725A5766200450A9C /* ViewController.swift */,
				165B32C925A5766200450A9C /* Main.storyboard */,
				165B32CC25A5766300450A9C /* Assets.xcassets */,
				165B32CE25A5766300450A9C /* LaunchScreen.storyboard */,
				165B32D125A5766300450A9C /* Info.plist */,
			);
			path = JakeFake;
			sourceTree = "<group>";
		};
		165B32D925A5766300450A9C /* JakeFakeTests */ = {
			isa = PBXGroup;
			children = (
				165B32DA25A5766300450A9C /* JakeFakeTests.swift */,
				165B32DC25A5766300450A9C /* Info.plist */,
			);
			path = JakeFakeTests;
			sourceTree = "<group>";
		};
		165B32E425A5766300450A9C /* JakeFakeUITests */ = {
			isa = PBXGroup;
			children = (
				165B32E525A5766300450A9C /* JakeFakeUITests.swift */,
				165B32E725A5766300450A9C /* Info.plist */,
			);
			path = JakeFakeUITests;
			sourceTree = "<group>";
		};
/* End PBXGroup section */

/* Begin PBXNativeTarget section */
		165B32BF25A5766200450A9C /* JakeFake */ = {
			isa = PBXNativeTarget;
			buildConfigurationList = 165B32EA25A5766300450A9C /* Build configuration list for PBXNativeTarget "JakeFake" */;
			buildPhases = (
				165B32BC25A5766200450A9C /* Sources */,
				165B32BD25A5766200450A9C /* Frameworks */,
				165B32BE25A5766200450A9C /* Resources */,
			);
			buildRules = (
			);
			dependencies = (
			);
			name = JakeFake;
			productName = JakeFake;
			productReference = 165B32C025A5766200450A9C /* JakeFake.app */;
			productType = "com.apple.product-type.application";
		};
		165B32D525A5766300450A9C /* JakeFakeTests */ = {
			isa = PBXNativeTarget;
			buildConfigurationList = 165B32ED25A5766300450A9C /* Build configuration list for PBXNativeTarget "JakeFakeTests" */;
			buildPhases = (
				165B32D225A5766300450A9C /* Sources */,
				165B32D325A5766300450A9C /* Frameworks */,
				165B32D425A5766300450A9C /* Resources */,
			);
			buildRules = (
			);
			dependencies = (
				165B32D825A5766300450A9C /* PBXTargetDependency */,
			);
			name = JakeFakeTests;
			productName = JakeFakeTests;
			productReference = 165B32D625A5766300450A9C /* JakeFakeTests.xctest */;
			productType = "com.apple.product-type.bundle.unit-test";
		};
		165B32E025A5766300450A9C /* JakeFakeUITests */ = {
			isa = PBXNativeTarget;
			buildConfigurationList = 165B32F025A5766300450A9C /* Build configuration list for PBXNativeTarget "JakeFakeUITests" */;
			buildPhases = (
				165B32DD25A5766300450A9C /* Sources */,
				165B32DE25A5766300450A9C /* Frameworks */,
				165B32DF25A5766300450A9C /* Resources */,
			);
			buildRules = (
			);
			dependencies = (
				165B32E325A5766300450A9C /* PBXTargetDependency */,
			);
			name = JakeFakeUITests;
			productName = JakeFakeUITests;
			productReference = 165B32E125A5766300450A9C /* JakeFakeUITests.xctest */;
			productType = "com.apple.product-type.bundle.ui-testing";
		};
/* End PBXNativeTarget section */

/* Begin PBXProject section */
		165B32B825A5766200450A9C /* Project object */ = {
			isa = PBXProject;
			attributes = {
				LastSwiftUpdateCheck = 1230;
				LastUpgradeCheck = 1230;
				TargetAttributes = {
					165B32BF25A5766200450A9C = {
						CreatedOnToolsVersion = 12.3;
					};
					165B32D525A5766300450A9C = {
						CreatedOnToolsVersion = 12.3;
						TestTargetID = 165B32BF25A5766200450A9C;
					};
					165B32E025A5766300450A9C = {
						CreatedOnToolsVersion = 12.3;
						TestTargetID = 165B32BF25A5766200450A9C;
					};
				};
			};
			buildConfigurationList = 165B32BB25A5766200450A9C /* Build configuration list for PBXProject "JakeFake" */;
			compatibilityVersion = "Xcode 9.3";
			developmentRegion = en;
			hasScannedForEncodings = 0;
			knownRegions = (
				en,
				Base,
			);
			mainGroup = 165B32B725A5766200450A9C;
			productRefGroup = 165B32C125A5766200450A9C /* Products */;
			projectDirPath = "";
			projectRoot = "";
			targets = (
				165B32BF25A5766200450A9C /* JakeFake */,
				165B32D525A5766300450A9C /* JakeFakeTests */,
				165B32E025A5766300450A9C /* JakeFakeUITests */,
			);
		};
/* End PBXProject section */

/* Begin PBXResourcesBuildPhase section */
		165B32BE25A5766200450A9C /* Resources */ = {
			isa = PBXResourcesBuildPhase;
			buildActionMask = 2147483647;
			files = (
				165B32D025A5766300450A9C /* LaunchScreen.storyboard in Resources */,
				165B32CD25A5766300450A9C /* Assets.xcassets in Resources */,
				165B32CB25A5766200450A9C /* Main.storyboard in Resources */,
			);
			runOnlyForDeploymentPostprocessing = 0;
		};
		165B32D425A5766300450A9C /* Resources */ = {
			isa = PBXResourcesBuildPhase;
			buildActionMask = 2147483647;
			files = (
			);
			runOnlyForDeploymentPostprocessing = 0;
		};
		165B32DF25A5766300450A9C /* Resources */ = {
			isa = PBXResourcesBuildPhase;
			buildActionMask = 2147483647;
			files = (
			);
			runOnlyForDeploymentPostprocessing = 0;
		};
/* End PBXResourcesBuildPhase section */

/* Begin PBXSourcesBuildPhase section */
		165B32BC25A5766200450A9C /* Sources */ = {
			isa = PBXSourcesBuildPhase;
			buildActionMask = 2147483647;
			files = (
				165B32C825A5766200450A9C /* ViewController.swift in Sources */,
				165B32C425A5766200450A9C /* AppDelegate.swift in Sources */,
				165B32C625A5766200450A9C /* SceneDelegate.swift in Sources */,
				165B32F725A576A600450A9C /* JakeFake.swift in Sources */,
			);
			runOnlyForDeploymentPostprocessing = 0;
		};
		165B32D225A5766300450A9C /* Sources */ = {
			isa = PBXSourcesBuildPhase;
			buildActionMask = 2147483647;
			files = (
				165B32DB25A5766300450A9C /* JakeFakeTests.swift in Sources */,
			);
			runOnlyForDeploymentPostprocessing = 0;
		};
		165B32DD25A5766300450A9C /* Sources */ = {
			isa = PBXSourcesBuildPhase;
			buildActionMask = 2147483647;
			files = (
				165B32E625A5766300450A9C /* JakeFakeUITests.swift in Sources */,
			);
			runOnlyForDeploymentPostprocessing = 0;
		};
/* End PBXSourcesBuildPhase section */

/* Begin PBXTargetDependency section */
		165B32D825A5766300450A9C /* PBXTargetDependency */ = {
			isa = PBXTargetDependency;
			target = 165B32BF25A5766200450A9C /* JakeFake */;
			targetProxy = 165B32D725A5766300450A9C /* PBXContainerItemProxy */;
		};
		165B32E325A5766300450A9C /* PBXTargetDependency */ = {
			isa = PBXTargetDependency;
			target = 165B32BF25A5766200450A9C /* JakeFake */;
			targetProxy = 165B32E225A5766300450A9C /* PBXContainerItemProxy */;
		};
/* End PBXTargetDependency section */

/* Begin PBXVariantGroup section */
		165B32C925A5766200450A9C /* Main.storyboard */ = {
			isa = PBXVariantGroup;
			children = (
				165B32CA25A5766200450A9C /* Base */,
			);
			name = Main.storyboard;
			sourceTree = "<group>";
		};
		165B32CE25A5766300450A9C /* LaunchScreen.storyboard */ = {
			isa = PBXVariantGroup;
			children = (
				165B32CF25A5766300450A9C /* Base */,
			);
			name = LaunchScreen.storyboard;
			sourceTree = "<group>";
		};
/* End PBXVariantGroup section */

/* Begin XCBuildConfiguration section */
		165B32E825A5766300450A9C /* Debug */ = {
			isa = XCBuildConfiguration;
			buildSettings = {
				ALWAYS_SEARCH_USER_PATHS = NO;
				CLANG_ANALYZER_NONNULL = YES;
				CLANG_ANALYZER_NUMBER_OBJECT_CONVERSION = YES_AGGRESSIVE;
				CLANG_CXX_LANGUAGE_STANDARD = "gnu++14";
				CLANG_CXX_LIBRARY = "libc++";
				CLANG_ENABLE_MODULES = YES;
				CLANG_ENABLE_OBJC_ARC = YES;
				CLANG_ENABLE_OBJC_WEAK = YES;
				CLANG_WARN_BLOCK_CAPTURE_AUTORELEASING = YES;
				CLANG_WARN_BOOL_CONVERSION = YES;
				CLANG_WARN_COMMA = YES;
				CLANG_WARN_CONSTANT_CONVERSION = YES;
				CLANG_WARN_DEPRECATED_OBJC_IMPLEMENTATIONS = YES;
				CLANG_WARN_DIRECT_OBJC_ISA_USAGE = YES_ERROR;
				CLANG_WARN_DOCUMENTATION_COMMENTS = YES;
				CLANG_WARN_EMPTY_BODY = YES;
				CLANG_WARN_ENUM_CONVERSION = YES;
				CLANG_WARN_INFINITE_RECURSION = YES;
				CLANG_WARN_INT_CONVERSION = YES;
				CLANG_WARN_NON_LITERAL_NULL_CONVERSION = YES;
				CLANG_WARN_OBJC_IMPLICIT_RETAIN_SELF = YES;
				CLANG_WARN_OBJC_LITERAL_CONVERSION = YES;
				CLANG_WARN_OBJC_ROOT_CLASS = YES_ERROR;
				CLANG_WARN_QUOTED_INCLUDE_IN_FRAMEWORK_HEADER = YES;
				CLANG_WARN_RANGE_LOOP_ANALYSIS = YES;
				CLANG_WARN_STRICT_PROTOTYPES = YES;
				CLANG_WARN_SUSPICIOUS_MOVE = YES;
				CLANG_WARN_UNGUARDED_AVAILABILITY = YES_AGGRESSIVE;
				CLANG_WARN_UNREACHABLE_CODE = YES;
				CLANG_WARN__DUPLICATE_METHOD_MATCH = YES;
				COPY_PHASE_STRIP = NO;
				DEBUG_INFORMATION_FORMAT = dwarf;
				ENABLE_STRICT_OBJC_MSGSEND = YES;
				ENABLE_TESTABILITY = YES;
				GCC_C_LANGUAGE_STANDARD = gnu11;
				GCC_DYNAMIC_NO_PIC = NO;
				GCC_NO_COMMON_BLOCKS = YES;
				GCC_OPTIMIZATION_LEVEL = 0;
				GCC_PREPROCESSOR_DEFINITIONS = (
					"DEBUG=1",
					"$(inherited)",
				);
				GCC_WARN_64_TO_32_BIT_CONVERSION = YES;
				GCC_WARN_ABOUT_RETURN_TYPE = YES_ERROR;
				GCC_WARN_UNDECLARED_SELECTOR = YES;
				GCC_WARN_UNINITIALIZED_AUTOS = YES_AGGRESSIVE;
				GCC_WARN_UNUSED_FUNCTION = YES;
				GCC_WARN_UNUSED_VARIABLE = YES;
				IPHONEOS_DEPLOYMENT_TARGET = 14.3;
				MTL_ENABLE_DEBUG_INFO = INCLUDE_SOURCE;
				MTL_FAST_MATH = YES;
				ONLY_ACTIVE_ARCH = YES;
				SDKROOT = iphoneos;
				SWIFT_ACTIVE_COMPILATION_CONDITIONS = DEBUG;
				SWIFT_OPTIMIZATION_LEVEL = "-Onone";
			};
			name = Debug;
		};
		165B32E925A5766300450A9C /* Release */ = {
			isa = XCBuildConfiguration;
			buildSettings = {
				ALWAYS_SEARCH_USER_PATHS = NO;
				CLANG_ANALYZER_NONNULL = YES;
				CLANG_ANALYZER_NUMBER_OBJECT_CONVERSION = YES_AGGRESSIVE;
				CLANG_CXX_LANGUAGE_STANDARD = "gnu++14";
				CLANG_CXX_LIBRARY = "libc++";
				CLANG_ENABLE_MODULES = YES;
				CLANG_ENABLE_OBJC_ARC = YES;
				CLANG_ENABLE_OBJC_WEAK = YES;
				CLANG_WARN_BLOCK_CAPTURE_AUTORELEASING = YES;
				CLANG_WARN_BOOL_CONVERSION = YES;
				CLANG_WARN_COMMA = YES;
				CLANG_WARN_CONSTANT_CONVERSION = YES;
				CLANG_WARN_DEPRECATED_OBJC_IMPLEMENTATIONS = YES;
				CLANG_WARN_DIRECT_OBJC_ISA_USAGE = YES_ERROR;
				CLANG_WARN_DOCUMENTATION_COMMENTS = YES;
				CLANG_WARN_EMPTY_BODY = YES;
				CLANG_WARN_ENUM_CONVERSION = YES;
				CLANG_WARN_INFINITE_RECURSION = YES;
				CLANG_WARN_INT_CONVERSION = YES;
				CLANG_WARN_NON_LITERAL_NULL_CONVERSION = YES;
				CLANG_WARN_OBJC_IMPLICIT_RETAIN_SELF = YES;
				CLANG_WARN_OBJC_LITERAL_CONVERSION = YES;
				CLANG_WARN_OBJC_ROOT_CLASS = YES_ERROR;
				CLANG_WARN_QUOTED_INCLUDE_IN_FRAMEWORK_HEADER = YES;
				CLANG_WARN_RANGE_LOOP_ANALYSIS = YES;
				CLANG_WARN_STRICT_PROTOTYPES = YES;
				CLANG_WARN_SUSPICIOUS_MOVE = YES;
				CLANG_WARN_UNGUARDED_AVAILABILITY = YES_AGGRESSIVE;
				CLANG_WARN_UNREACHABLE_CODE = YES;
				CLANG_WARN__DUPLICATE_METHOD_MATCH = YES;
				COPY_PHASE_STRIP = NO;
				DEBUG_INFORMATION_FORMAT = "dwarf-with-dsym";
				ENABLE_NS_ASSERTIONS = NO;
				ENABLE_STRICT_OBJC_MSGSEND = YES;
				GCC_C_LANGUAGE_STANDARD = gnu11;
				GCC_NO_COMMON_BLOCKS = YES;
				GCC_WARN_64_TO_32_BIT_CONVERSION = YES;
				GCC_WARN_ABOUT_RETURN_TYPE = YES_ERROR;
				GCC_WARN_UNDECLARED_SELECTOR = YES;
				GCC_WARN_UNINITIALIZED_AUTOS = YES_AGGRESSIVE;
				GCC_WARN_UNUSED_FUNCTION = YES;
				GCC_WARN_UNUSED_VARIABLE = YES;
				IPHONEOS_DEPLOYMENT_TARGET = 14.3;
				MTL_ENABLE_DEBUG_INFO = NO;
				MTL_FAST_MATH = YES;
				SDKROOT = iphoneos;
				SWIFT_COMPILATION_MODE = wholemodule;
				SWIFT_OPTIMIZATION_LEVEL = "-O";
				VALIDATE_PRODUCT = YES;
			};
			name = Release;
		};
		165B32EB25A5766300450A9C /* Debug */ = {
			isa = XCBuildConfiguration;
			buildSettings = {
				ASSETCATALOG_COMPILER_APPICON_NAME = AppIcon;
				ASSETCATALOG_COMPILER_GLOBAL_ACCENT_COLOR_NAME = AccentColor;
				CODE_SIGN_STYLE = Automatic;
				DEVELOPMENT_TEAM = 622WMK9UYQ;
				INFOPLIST_FILE = JakeFake/Info.plist;
				LD_RUNPATH_SEARCH_PATHS = (
					"$(inherited)",
					"@executable_path/Frameworks",
				);
				PRODUCT_BUNDLE_IDENTIFIER = com.jakehawken.JakeFake;
				PRODUCT_NAME = "$(TARGET_NAME)";
				SWIFT_VERSION = 5.0;
				TARGETED_DEVICE_FAMILY = "1,2";
			};
			name = Debug;
		};
		165B32EC25A5766300450A9C /* Release */ = {
			isa = XCBuildConfiguration;
			buildSettings = {
				ASSETCATALOG_COMPILER_APPICON_NAME = AppIcon;
				ASSETCATALOG_COMPILER_GLOBAL_ACCENT_COLOR_NAME = AccentColor;
				CODE_SIGN_STYLE = Automatic;
				DEVELOPMENT_TEAM = 622WMK9UYQ;
				INFOPLIST_FILE = JakeFake/Info.plist;
				LD_RUNPATH_SEARCH_PATHS = (
					"$(inherited)",
					"@executable_path/Frameworks",
				);
				PRODUCT_BUNDLE_IDENTIFIER = com.jakehawken.JakeFake;
				PRODUCT_NAME = "$(TARGET_NAME)";
				SWIFT_VERSION = 5.0;
				TARGETED_DEVICE_FAMILY = "1,2";
			};
			name = Release;
		};
		165B32EE25A5766300450A9C /* Debug */ = {
			isa = XCBuildConfiguration;
			buildSettings = {
				ALWAYS_EMBED_SWIFT_STANDARD_LIBRARIES = YES;
				BUNDLE_LOADER = "$(TEST_HOST)";
				CODE_SIGN_STYLE = Automatic;
				DEVELOPMENT_TEAM = 622WMK9UYQ;
				INFOPLIST_FILE = JakeFakeTests/Info.plist;
				IPHONEOS_DEPLOYMENT_TARGET = 14.3;
				LD_RUNPATH_SEARCH_PATHS = (
					"$(inherited)",
					"@executable_path/Frameworks",
					"@loader_path/Frameworks",
				);
				PRODUCT_BUNDLE_IDENTIFIER = com.jakehawken.JakeFakeTests;
				PRODUCT_NAME = "$(TARGET_NAME)";
				SWIFT_VERSION = 5.0;
				TARGETED_DEVICE_FAMILY = "1,2";
				TEST_HOST = "$(BUILT_PRODUCTS_DIR)/JakeFake.app/JakeFake";
			};
			name = Debug;
		};
		165B32EF25A5766300450A9C /* Release */ = {
			isa = XCBuildConfiguration;
			buildSettings = {
				ALWAYS_EMBED_SWIFT_STANDARD_LIBRARIES = YES;
				BUNDLE_LOADER = "$(TEST_HOST)";
				CODE_SIGN_STYLE = Automatic;
				DEVELOPMENT_TEAM = 622WMK9UYQ;
				INFOPLIST_FILE = JakeFakeTests/Info.plist;
				IPHONEOS_DEPLOYMENT_TARGET = 14.3;
				LD_RUNPATH_SEARCH_PATHS = (
					"$(inherited)",
					"@executable_path/Frameworks",
					"@loader_path/Frameworks",
				);
				PRODUCT_BUNDLE_IDENTIFIER = com.jakehawken.JakeFakeTests;
				PRODUCT_NAME = "$(TARGET_NAME)";
				SWIFT_VERSION = 5.0;
				TARGETED_DEVICE_FAMILY = "1,2";
				TEST_HOST = "$(BUILT_PRODUCTS_DIR)/JakeFake.app/JakeFake";
			};
			name = Release;
		};
		165B32F125A5766300450A9C /* Debug */ = {
			isa = XCBuildConfiguration;
			buildSettings = {
				ALWAYS_EMBED_SWIFT_STANDARD_LIBRARIES = YES;
				CODE_SIGN_STYLE = Automatic;
				DEVELOPMENT_TEAM = 622WMK9UYQ;
				INFOPLIST_FILE = JakeFakeUITests/Info.plist;
				LD_RUNPATH_SEARCH_PATHS = (
					"$(inherited)",
					"@executable_path/Frameworks",
					"@loader_path/Frameworks",
				);
				PRODUCT_BUNDLE_IDENTIFIER = com.jakehawken.JakeFakeUITests;
				PRODUCT_NAME = "$(TARGET_NAME)";
				SWIFT_VERSION = 5.0;
				TARGETED_DEVICE_FAMILY = "1,2";
				TEST_TARGET_NAME = JakeFake;
			};
			name = Debug;
		};
		165B32F225A5766300450A9C /* Release */ = {
			isa = XCBuildConfiguration;
			buildSettings = {
				ALWAYS_EMBED_SWIFT_STANDARD_LIBRARIES = YES;
				CODE_SIGN_STYLE = Automatic;
				DEVELOPMENT_TEAM = 622WMK9UYQ;
				INFOPLIST_FILE = JakeFakeUITests/Info.plist;
				LD_RUNPATH_SEARCH_PATHS = (
					"$(inherited)",
					"@executable_path/Frameworks",
					"@loader_path/Frameworks",
				);
				PRODUCT_BUNDLE_IDENTIFIER = com.jakehawken.JakeFakeUITests;
				PRODUCT_NAME = "$(TARGET_NAME)";
				SWIFT_VERSION = 5.0;
				TARGETED_DEVICE_FAMILY = "1,2";
				TEST_TARGET_NAME = JakeFake;
			};
			name = Release;
		};
/* End XCBuildConfiguration section */

/* Begin XCConfigurationList section */
		165B32BB25A5766200450A9C /* Build configuration list for PBXProject "JakeFake" */ = {
			isa = XCConfigurationList;
			buildConfigurations = (
				165B32E825A5766300450A9C /* Debug */,
				165B32E925A5766300450A9C /* Release */,
			);
			defaultConfigurationIsVisible = 0;
			defaultConfigurationName = Release;
		};
		165B32EA25A5766300450A9C /* Build configuration list for PBXNativeTarget "JakeFake" */ = {
			isa = XCConfigurationList;
			buildConfigurations = (
				165B32EB25A5766300450A9C /* Debug */,
				165B32EC25A5766300450A9C /* Release */,
			);
			defaultConfigurationIsVisible = 0;
			defaultConfigurationName = Release;
		};
		165B32ED25A5766300450A9C /* Build configuration list for PBXNativeTarget "JakeFakeTests" */ = {
			isa = XCConfigurationList;
			buildConfigurations = (
				165B32EE25A5766300450A9C /* Debug */,
				165B32EF25A5766300450A9C /* Release */,
			);
			defaultConfigurationIsVisible = 0;
			defaultConfigurationName = Release;
		};
		165B32F025A5766300450A9C /* Build configuration list for PBXNativeTarget "JakeFakeUITests" */ = {
			isa = XCConfigurationList;
			buildConfigurations = (
				165B32F125A5766300450A9C /* Debug */,
				165B32F225A5766300450A9C /* Release */,
			);
			defaultConfigurationIsVisible = 0;
			defaultConfigurationName = Release;
		};
/* End XCConfigurationList section */
	};
	rootObject = 165B32B825A5766200450A9C /* Project object */;
}
